
Microsoft Visual Studio Solution File, Format Version 12.00
# Visual Studio Version 17
VisualStudioVersion = 17.1.32210.238
MinimumVisualStudioVersion = 10.0.40219.1
Project("{FAE04EC0-301F-11D3-BF4B-00C04F79EFBC}") = "Lab03", "Lab03\Lab03.csproj", "{629CEF44-68F7-4060-919E-8E7CBE560CBB}"
EndProject
Global
	GlobalSection(SolutionConfigurationPlatforms) = preSolution
		Debug|Any CPU = Debug|Any CPU
		Release|Any CPU = Release|Any CPU
	EndGlobalSection
	GlobalSection(ProjectConfigurationPlatforms) = postSolution
		{629CEF44-68F7-4060-919E-8E7CBE560CBB}.Debug|Any CPU.ActiveCfg = Debug|Any CPU
		{629CEF44-68F7-4060-919E-8E7CBE560CBB}.Debug|Any CPU.Build.0 = Debug|Any CPU
		{629CEF44-68F7-4060-919E-8E7CBE560CBB}.Release|Any CPU.ActiveCfg = Release|Any CPU
		{629CEF44-68F7-4060-919E-8E7CBE560CBB}.Release|Any CPU.Build.0 = Release|Any CPU
	EndGlobalSection
	GlobalSection(SolutionProperties) = preSolution
		HideSolutionNode = FALSE
	EndGlobalSection
	GlobalSection(ExtensibilityGlobals) = postSolution
		SolutionGuid = {F1A8754D-7957-4883-8AAF-43CC90687144}
	EndGlobalSection
EndGlobal
